{
  "object": {
    "pins": [
      {
        "package": "SwiftHooks",
        "repositoryURL": "https://github.com/intuit/swift-hooks.git",
        "state": {
          "branch": null,
          "revision": "5f3136ac2a3c27aa469e3f9a1222b15080d431d3",
          "version": "0.1.0"
        }
      }
    ]
  },
  "version": 1
}
