PODS:
  - EyesXCUI (8.8.8)
  - PlayerUI (4.1.8):
    - PlayerUI/Main (= 4.1.8)
  - PlayerUI/BaseBeaconPlugin (4.1.8):
    - PlayerUI/Core
  - PlayerUI/BeaconPlugin (4.1.8):
    - PlayerUI/BaseBeaconPlugin
    - PlayerUI/Core
    - PlayerUI/SwiftUI
  - PlayerUI/CheckPathPlugin (4.1.8):
    - PlayerUI/Core
  - PlayerUI/CommonExpressionsPlugin (4.1.8):
    - PlayerUI/Core
  - PlayerUI/CommonTypesPlugin (4.1.8):
    - PlayerUI/Core
  - PlayerUI/Core (4.1.8):
    - PlayerUI/Logger
    - SwiftHooks (>= 0.1.0, ~> 0)
  - PlayerUI/Demo (4.1.8):
    - PlayerUI/BeaconPlugin
    - PlayerUI/MetricsPlugin
    - PlayerUI/ReferenceAssets
    - PlayerUI/SwiftUI
    - PlayerUI/TransitionPlugin
  - PlayerUI/ExpressionPlugin (4.1.8):
    - PlayerUI/Core
  - PlayerUI/ExternalActionPlugin (4.1.8):
    - PlayerUI/Core
  - PlayerUI/ExternalActionViewModifierPlugin (4.1.8):
    - PlayerUI/Core
    - PlayerUI/ExternalActionPlugin
    - PlayerUI/SwiftUI
  - PlayerUI/InternalUnitTestUtilities (4.1.8):
    - PlayerUI/Core
  - PlayerUI/Logger (4.1.8):
    - SwiftHooks (>= 0.1.0, ~> 0)
  - PlayerUI/Main (4.1.8):
    - PlayerUI/SwiftUI
  - PlayerUI/MetricsPlugin (4.1.8):
    - PlayerUI/Core
    - PlayerUI/SwiftUI
  - PlayerUI/PrintLoggerPlugin (4.1.8):
    - PlayerUI/Core
  - PlayerUI/PubSubPlugin (4.1.8):
    - PlayerUI/Core
  - PlayerUI/ReferenceAssets (4.1.8):
    - PlayerUI/BeaconPlugin
    - PlayerUI/Core
    - PlayerUI/SwiftUI
  - PlayerUI/SwiftUI (4.1.8):
    - PlayerUI/Core
  - PlayerUI/TestUtilities (4.1.8):
    - PlayerUI/Core
    - PlayerUI/SwiftUI
  - PlayerUI/TransitionPlugin (4.1.8):
    - PlayerUI/Core
    - PlayerUI/SwiftUI
  - PlayerUI/TypesProviderPlugin (4.1.8):
    - PlayerUI/Core
  - PlayerUI/Unit (4.1.8):
    - PlayerUI/Demo
    - PlayerUI/InternalUnitTestUtilities
    - PlayerUI/TestUtilities
  - PlayerUI/ViewInspectorTests (4.1.8):
    - PlayerUI/Demo
    - PlayerUI/InternalUnitTestUtilities
    - ViewInspector (= 0.9.0)
  - PlayerUI/XCUITests (4.1.8):
    - EyesXCUI (= 8.8.8)
    - PlayerUI/Demo
    - PlayerUI/InternalUnitTestUtilities
  - SwiftHooks (0.1.0)
  - SwiftLint (0.42.0)
  - ViewInspector (0.9.0)

DEPENDENCIES:
  - EyesXCUI
  - PlayerUI (from `../`)
  - PlayerUI/BeaconPlugin (from `../`)
  - PlayerUI/CheckPathPlugin (from `../`)
  - PlayerUI/CommonExpressionsPlugin (from `../`)
  - PlayerUI/CommonTypesPlugin (from `../`)
  - PlayerUI/Core (from `../`)
  - PlayerUI/Demo (from `../`)
  - PlayerUI/ExpressionPlugin (from `../`)
  - PlayerUI/ExternalActionPlugin (from `../`)
  - PlayerUI/ExternalActionViewModifierPlugin (from `../`)
  - PlayerUI/Logger (from `../`)
  - PlayerUI/MetricsPlugin (from `../`)
  - PlayerUI/PrintLoggerPlugin (from `../`)
  - PlayerUI/PubSubPlugin (from `../`)
  - PlayerUI/ReferenceAssets (from `../`)
  - PlayerUI/SwiftUI (from `../`)
  - PlayerUI/TestUtilities (from `../`)
  - PlayerUI/TransitionPlugin (from `../`)
  - PlayerUI/TypesProviderPlugin (from `../`)
  - PlayerUI/Unit (from `../`)
  - PlayerUI/ViewInspectorTests (from `../`)
  - PlayerUI/XCUITests (from `../`)
  - SwiftLint (= 0.42.0)

SPEC REPOS:
  trunk:
    - EyesXCUI
    - SwiftHooks
    - SwiftLint
    - ViewInspector

EXTERNAL SOURCES:
  PlayerUI:
    :path: "../"

SPEC CHECKSUMS:
  EyesXCUI: bbb10a48b8bd1a15d541f2bc1f4d18f4db654ef1
  PlayerUI: a7a4fc435d09db1f3b1a094f5fe6c01e7358b352
  SwiftHooks: 3ecc67c23da335d44914a8a74bd1dd23c7c149e6
  SwiftLint: 4fa9579c63416865179bc416f0a92d55f009600d
  ViewInspector: 53313c757eddc5c4842bc7943a66821a68d02d3e

PODFILE CHECKSUM: 987897c2598f00d1d745dbbae904dfdcd919831d

COCOAPODS: 1.11.3
