PODS:
  - EyesXCUI (8.8.8)
  - PlayerUI (0.0.1-placeholder):
    - PlayerUI/Main (= 0.0.1-placeholder)
  - PlayerUI/BaseBeaconPlugin (0.0.1-placeholder):
    - PlayerUI/Core
  - PlayerUI/BeaconPlugin (0.0.1-placeholder):
    - PlayerUI/BaseBeaconPlugin
    - PlayerUI/Core
    - PlayerUI/SwiftUI
  - PlayerUI/CheckPathPlugin (0.0.1-placeholder):
    - PlayerUI/Core
  - PlayerUI/CommonExpressionsPlugin (0.0.1-placeholder):
    - PlayerUI/Core
  - PlayerUI/CommonTypesPlugin (0.0.1-placeholder):
    - PlayerUI/Core
  - PlayerUI/Core (0.0.1-placeholder):
    - PlayerUI/Logger
    - SwiftHooks (>= 0.1.0, ~> 0)
  - PlayerUI/Demo (0.0.1-placeholder):
    - PlayerUI/BeaconPlugin
    - PlayerUI/MetricsPlugin
    - PlayerUI/ReferenceAssets
    - PlayerUI/SwiftUI
    - PlayerUI/TransitionPlugin
  - PlayerUI/ExpressionPlugin (0.0.1-placeholder):
    - PlayerUI/Core
  - PlayerUI/ExternalActionPlugin (0.0.1-placeholder):
    - PlayerUI/Core
  - PlayerUI/ExternalActionViewModifierPlugin (0.0.1-placeholder):
    - PlayerUI/Core
    - PlayerUI/ExternalActionPlugin
    - PlayerUI/SwiftUI
  - PlayerUI/InternalUnitTestUtilities (0.0.1-placeholder):
    - PlayerUI/Core
  - PlayerUI/Logger (0.0.1-placeholder):
    - SwiftHooks (>= 0.1.0, ~> 0)
  - PlayerUI/Main (0.0.1-placeholder):
    - PlayerUI/SwiftUI
  - PlayerUI/MetricsPlugin (0.0.1-placeholder):
    - PlayerUI/Core
    - PlayerUI/SwiftUI
  - PlayerUI/PrintLoggerPlugin (0.0.1-placeholder):
    - PlayerUI/Core
  - PlayerUI/PubSubPlugin (0.0.1-placeholder):
    - PlayerUI/Core
  - PlayerUI/ReferenceAssets (0.0.1-placeholder):
    - PlayerUI/BeaconPlugin
    - PlayerUI/Core
    - PlayerUI/SwiftUI
  - PlayerUI/StageRevertDataPlugin (0.0.1-placeholder):
    - PlayerUI/Core
  - PlayerUI/SwiftUI (0.0.1-placeholder):
    - PlayerUI/Core
  - PlayerUI/SwiftUICheckPathPlugin (0.0.1-placeholder):
    - PlayerUI/CheckPathPlugin
    - PlayerUI/Core
    - PlayerUI/SwiftUI
  - PlayerUI/TestUtilities (0.0.1-placeholder):
    - PlayerUI/Core
    - PlayerUI/SwiftUI
    - PlayerUI/TestUtilitiesCore
  - PlayerUI/TestUtilitiesCore (0.0.1-placeholder):
    - PlayerUI/Core
    - PlayerUI/SwiftUI
  - PlayerUI/TransitionPlugin (0.0.1-placeholder):
    - PlayerUI/Core
    - PlayerUI/SwiftUI
  - PlayerUI/TypesProviderPlugin (0.0.1-placeholder):
    - PlayerUI/Core
  - PlayerUI/Unit (0.0.1-placeholder):
    - PlayerUI/Demo
    - PlayerUI/InternalUnitTestUtilities
    - PlayerUI/TestUtilities
  - PlayerUI/ViewInspectorTests (0.0.1-placeholder):
    - PlayerUI/Demo
    - PlayerUI/InternalUnitTestUtilities
    - ViewInspector (= 0.9.0)
  - PlayerUI/XCUITests (0.0.1-placeholder):
    - EyesXCUI (= 8.8.8)
    - PlayerUI/Demo
    - PlayerUI/InternalUnitTestUtilities
  - SwiftHooks (0.1.0)
  - SwiftLint (0.42.0)
  - ViewInspector (0.9.0)

DEPENDENCIES:
  - EyesXCUI
  - PlayerUI (from `../`)
  - PlayerUI/BeaconPlugin (from `../`)
  - PlayerUI/CheckPathPlugin (from `../`)
  - PlayerUI/CommonExpressionsPlugin (from `../`)
  - PlayerUI/CommonTypesPlugin (from `../`)
  - PlayerUI/Core (from `../`)
  - PlayerUI/Demo (from `../`)
  - PlayerUI/ExpressionPlugin (from `../`)
  - PlayerUI/ExternalActionPlugin (from `../`)
  - PlayerUI/ExternalActionViewModifierPlugin (from `../`)
  - PlayerUI/Logger (from `../`)
  - PlayerUI/MetricsPlugin (from `../`)
  - PlayerUI/PrintLoggerPlugin (from `../`)
  - PlayerUI/PubSubPlugin (from `../`)
  - PlayerUI/ReferenceAssets (from `../`)
  - PlayerUI/StageRevertDataPlugin (from `../`)
  - PlayerUI/SwiftUI (from `../`)
  - PlayerUI/SwiftUICheckPathPlugin (from `../`)
  - PlayerUI/TestUtilities (from `../`)
  - PlayerUI/TestUtilitiesCore (from `../`)
  - PlayerUI/TransitionPlugin (from `../`)
  - PlayerUI/TypesProviderPlugin (from `../`)
  - PlayerUI/Unit (from `../`)
  - PlayerUI/ViewInspectorTests (from `../`)
  - PlayerUI/XCUITests (from `../`)
  - SwiftLint (= 0.42.0)

SPEC REPOS:
  trunk:
    - EyesXCUI
    - SwiftHooks
    - SwiftLint
    - ViewInspector

EXTERNAL SOURCES:
  PlayerUI:
    :path: "../"

SPEC CHECKSUMS:
  EyesXCUI: bbb10a48b8bd1a15d541f2bc1f4d18f4db654ef1
  PlayerUI: 4151c9a81d752e04d8c7ef269c3205dc3551325d
  SwiftHooks: 3ecc67c23da335d44914a8a74bd1dd23c7c149e6
  SwiftLint: 4fa9579c63416865179bc416f0a92d55f009600d
  ViewInspector: 53313c757eddc5c4842bc7943a66821a68d02d3e

PODFILE CHECKSUM: 4dced11617263934702383efbea39a6c14419c2d

COCOAPODS: 1.11.3
