# THIS IS AN AUTOGENERATED FILE. DO NOT EDIT THIS FILE DIRECTLY.
# yarn lockfile v1


"@babel/runtime@7.15.4":
  version "7.15.4"
  resolved "https://registry.yarnpkg.com/@babel/runtime/-/runtime-7.15.4.tgz#fd17d16bfdf878e6dd02d19753a39fa8a8d9c84a"
  integrity sha512-99catp6bHCaxr4sJ/DbTGgHS4+Rs2RVd2g7iOap6SLGPDknRK9ztKNsE/Fg6QhSeh1FGE5f6gHGQmvvn3I3xhw==
  dependencies:
    regenerator-runtime "^0.13.4"

"@player-ui/asset-transform-plugin@^0.3.0":
  version "0.3.0"
  resolved "https://registry.yarnpkg.com/@player-ui/asset-transform-plugin/-/asset-transform-plugin-0.3.0.tgz#a4301266e28f0e9baa90336710b49a88ade4adff"
  integrity sha512-uk2E33G87URTREXW5BhmI/PMeJoj81ztWkqevjYHvU/TmdoC1zPPrTQwcjcnO+PwjvkpZjbvENaSjai6V4q6ng==
  dependencies:
    "@babel/runtime" "7.15.4"
    "@player-ui/partial-match-registry" "0.3.0"

"@player-ui/check-path-plugin@^0.3.0":
  version "0.3.0"
  resolved "https://registry.yarnpkg.com/@player-ui/check-path-plugin/-/check-path-plugin-0.3.0.tgz#88339ee1ccf26d8d72dd81b2bf5fd3c3d11446e2"
  integrity sha512-4mg4JuKQ4NY25z8JeaAOko/a25hpknZj31WnuLXq6lKohmK4iNgHiNs3L4lAWOK89fOeeDRhgQYFYklEn36aLg==
  dependencies:
    "@babel/runtime" "7.15.4"
    "@player-ui/partial-match-registry" "0.3.0"
    dlv "^1.1.3"
    tapable-ts "^0.1.0"

"@player-ui/make-flow@^0.3.0":
  version "0.3.0"
  resolved "https://registry.yarnpkg.com/@player-ui/make-flow/-/make-flow-0.3.0.tgz#7b815ce4de289639fc149a902e915de5e21a052f"
  integrity sha512-2eRT2SJ7Dx/tCBxJETwCb9IVpuJczkFfD8llZ7OQ4MExMh13ybOWAaOb0JvyqNXfyFM3v+M7Irfu4tr4FbySBw==
  dependencies:
    "@babel/runtime" "7.15.4"
    "@player-ui/types" "0.3.0"

"@player-ui/partial-match-registry@0.3.0":
  version "0.3.0"
  resolved "https://registry.yarnpkg.com/@player-ui/partial-match-registry/-/partial-match-registry-0.3.0.tgz#cd102b947ccba754e390a1a022d8ccd8698053c4"
  integrity sha512-jssryLQrPMz/A7KmtDH4M3/i2aWSVF4K6WCLZWFCxWhXKF0DXV/kdCH+8TIWMZ2mBjPwh3DZ3H6yFEhfU7DGCg==
  dependencies:
    "@babel/runtime" "7.15.4"
    "@types/dlv" "^1.1.2"
    dlv "^1.1.3"
    sorted-array "^2.0.4"

"@player-ui/player@^0.3.0":
  version "0.3.0"
  resolved "https://registry.yarnpkg.com/@player-ui/player/-/player-0.3.0.tgz#6cfbed27577e86c94ff0281be2c908081fe760a2"
  integrity sha512-Tdd/g0yTLlCC/egXXt/DRypH/STtQYb4ZQGVvMPmonWCGo/f86DzygHUwsDEVeJCceme0nxw8gTaTlBYpAw/vQ==
  dependencies:
    "@babel/runtime" "7.15.4"
    "@player-ui/partial-match-registry" "0.3.0"
    "@player-ui/types" "0.3.0"
    "@types/nested-error-stacks" "^2.1.0"
    "@types/parsimmon" "^1.10.0"
    arr-flatten "^1.1.0"
    dequal "^2.0.2"
    ebnf "^1.9.0"
    nested-error-stacks "^2.1.1"
    p-defer "^3.0.0"
    parsimmon "^1.12.0"
    queue-microtask "^1.2.3"
    tapable-ts "^0.1.0"
    timm "^1.6.2"

"@player-ui/types@0.3.0":
  version "0.3.0"
  resolved "https://registry.yarnpkg.com/@player-ui/types/-/types-0.3.0.tgz#821a78b59363bcd81f283f7d2882d5446937f000"
  integrity sha512-feq7R8Pdm5yhSJmR7LHK+69IZQ1s0XAEN1HEiSyqqKP4x4IjROH9iRZ2x9lXjC6vh1Qi8uK5JSOht8ZxRYcm2Q==
  dependencies:
    "@babel/runtime" "7.15.4"

"@types/dlv@^1.1.2":
  version "1.1.2"
  resolved "https://registry.yarnpkg.com/@types/dlv/-/dlv-1.1.2.tgz#02d4fcc41c5f707753427867c64fdae543031fb9"
  integrity sha512-OyiZ3jEKu7RtGO1yp9oOdK0cTwZ/10oE9PDJ6fyN3r9T5wkyOcvr6awdugjYdqF6KVO5eUvt7jx7rk2Eylufow==

"@types/nested-error-stacks@^2.1.0":
  version "2.1.0"
  resolved "https://registry.yarnpkg.com/@types/nested-error-stacks/-/nested-error-stacks-2.1.0.tgz#0e4caf703b874c3c4e6ba74dbc0c6acf88b8ce05"
  integrity sha512-7+la7jn6iA603lBgyASoaW5Nk/R5G3+hkJ4Y0gtc9VYHlcixvm/YBV2KV92dTBpeCQJYjpN2owb5jVuKCqxOaA==

"@types/parsimmon@^1.10.0":
  version "1.10.6"
  resolved "https://registry.yarnpkg.com/@types/parsimmon/-/parsimmon-1.10.6.tgz#8fcf95990514d2a7624aa5f630c13bf2427f9cdd"
  integrity sha512-FwAQwMRbkhx0J6YELkwIpciVzCcgEqXEbIrIn3a2P5d3kGEHQ3wVhlN3YdVepYP+bZzCYO6OjmD4o9TGOZ40rA==

arr-flatten@^1.1.0:
  version "1.1.0"
  resolved "https://registry.yarnpkg.com/arr-flatten/-/arr-flatten-1.1.0.tgz#36048bbff4e7b47e136644316c99669ea5ae91f1"
  integrity sha512-L3hKV5R/p5o81R7O02IGnwpDmkp6E982XhtbuwSe3O4qOtMMMtodicASA1Cny2U+aCXcNpml+m4dPsvsJ3jatg==

dequal@^2.0.2:
  version "2.0.3"
  resolved "https://registry.yarnpkg.com/dequal/-/dequal-2.0.3.tgz#2644214f1997d39ed0ee0ece72335490a7ac67be"
  integrity sha512-0je+qPKHEMohvfRTCEo3CrPG6cAzAYgmzKyxRiYSSDkS6eGJdyVJm7WaYA5ECaAD9wLB2T4EEeymA5aFVcYXCA==

dlv@^1.1.3:
  version "1.1.3"
  resolved "https://registry.yarnpkg.com/dlv/-/dlv-1.1.3.tgz#5c198a8a11453596e751494d49874bc7732f2e79"
  integrity sha512-+HlytyjlPKnIG8XuRG8WvmBP8xs8P71y+SKKS6ZXWoEgLuePxtDoUEiH7WkdePWrQ5JBpE6aoVqfZfJUQkjXwA==

ebnf@^1.9.0:
  version "1.9.0"
  resolved "https://registry.yarnpkg.com/ebnf/-/ebnf-1.9.0.tgz#9c2dd6052f3ed43a69c1f0b07b15bd03cefda764"
  integrity sha512-LKK899+j758AgPq00ms+y90mo+2P86fMKUWD28sH0zLKUj7aL6iIH2wy4jejAMM9I2BawJ+2kp6C3mMXj+Ii5g==

nested-error-stacks@^2.1.1:
  version "2.1.1"
  resolved "https://registry.yarnpkg.com/nested-error-stacks/-/nested-error-stacks-2.1.1.tgz#26c8a3cee6cc05fbcf1e333cd2fc3e003326c0b5"
  integrity sha512-9iN1ka/9zmX1ZvLV9ewJYEk9h7RyRRtqdK0woXcqohu8EWIerfPUjYJPg0ULy0UqP7cslmdGc8xKDJcojlKiaw==

p-defer@^3.0.0:
  version "3.0.0"
  resolved "https://registry.yarnpkg.com/p-defer/-/p-defer-3.0.0.tgz#d1dceb4ee9b2b604b1d94ffec83760175d4e6f83"
  integrity sha512-ugZxsxmtTln604yeYd29EGrNhazN2lywetzpKhfmQjW/VJmhpDmWbiX+h0zL8V91R0UXkhb3KtPmyq9PZw3aYw==

parsimmon@^1.12.0:
  version "1.18.1"
  resolved "https://registry.yarnpkg.com/parsimmon/-/parsimmon-1.18.1.tgz#d8dd9c28745647d02fc6566f217690897eed7709"
  integrity sha512-u7p959wLfGAhJpSDJVYXoyMCXWYwHia78HhRBWqk7AIbxdmlrfdp5wX0l3xv/iTSH5HvhN9K7o26hwwpgS5Nmw==

queue-microtask@^1.2.3:
  version "1.2.3"
  resolved "https://registry.yarnpkg.com/queue-microtask/-/queue-microtask-1.2.3.tgz#4929228bbc724dfac43e0efb058caf7b6cfb6243"
  integrity sha512-NuaNSa6flKT5JaSYQzJok04JzTL1CA6aGhv5rfLW3PgqA+M2ChpZQnAC8h8i4ZFkBS8X5RqkDBHA7r4hej3K9A==

regenerator-runtime@^0.13.4:
  version "0.13.11"
  resolved "https://registry.yarnpkg.com/regenerator-runtime/-/regenerator-runtime-0.13.11.tgz#f6dca3e7ceec20590d07ada785636a90cdca17f9"
  integrity sha512-kY1AZVr2Ra+t+piVaJ4gxaFaReZVH40AKNo7UCX6W+dEwBo/2oZJzqfuN1qLq1oL45o56cPaTXELwrTh8Fpggg==

sorted-array@^2.0.4:
  version "2.0.4"
  resolved "https://registry.yarnpkg.com/sorted-array/-/sorted-array-2.0.4.tgz#5d62bbfe64d1bde3cf4b6b79530a6feb95afb5ae"
  integrity sha512-58INzrX0rL6ttCfsGoFmOuQY5AjR6A5E/MmGKJ5JvWHOey6gOEOC6vO8K6C0Y2bQR6KJ8o8aFwHjp/mJ/HcYsQ==

tapable-ts@^0.1.0:
  version "0.1.0"
  resolved "https://registry.yarnpkg.com/tapable-ts/-/tapable-ts-0.1.0.tgz#9ea393d3f5ed9c998ac1d5cff81a2293569ac47e"
  integrity sha512-pLNOGWrzcm+cc4UnyqEFK+k+thwJtJiuugKnsTrj7WPah4oZTnwDxKVNx9jhP6+RVfDOghaDIc14B5aXfV8wfQ==

timm@^1.6.2:
  version "1.7.1"
  resolved "https://registry.yarnpkg.com/timm/-/timm-1.7.1.tgz#96bab60c7d45b5a10a8a4d0f0117c6b7e5aff76f"
  integrity sha512-IjZc9KIotudix8bMaBW6QvMuq64BrJWFs1+4V0lXwWGQZwH+LnX87doAYhem4caOEusRP9/g6jVDQmZ8XOk1nw==
